// !$*UTF8*$!
{
	archiveVersion = 1;
	classes = {
	};
	objectVersion = 46;
	objects = {

/* Begin PBXBuildFile section */
		25DD23F4193829F400005F64 /* Foundation.framework in Frameworks */ = {isa = PBXBuildFile; fileRef = 25DD23F3193829F400005F64 /* Foundation.framework */; };
		25DD23F6193829F400005F64 /* CoreGraphics.framework in Frameworks */ = {isa = PBXBuildFile; fileRef = 25DD23F5193829F400005F64 /* CoreGraphics.framework */; };
		25DD23F8193829F400005F64 /* UIKit.framework in Frameworks */ = {isa = PBXBuildFile; fileRef = 25DD23F7193829F400005F64 /* UIKit.framework */; };
		25DD23FE193829F400005F64 /* InfoPlist.strings in Resources */ = {isa = PBXBuildFile; fileRef = 25DD23FC193829F400005F64 /* InfoPlist.strings */; };
		25DD2400193829F400005F64 /* main.m in Sources */ = {isa = PBXBuildFile; fileRef = 25DD23FF193829F400005F64 /* main.m */; };
		25DD2404193829F400005F64 /* JJGAppDelegate.m in Sources */ = {isa = PBXBuildFile; fileRef = 25DD2403193829F400005F64 /* JJGAppDelegate.m */; };
		25DD2407193829F400005F64 /* Main.storyboard in Resources */ = {isa = PBXBuildFile; fileRef = 25DD2405193829F400005F64 /* Main.storyboard */; };
		25DD240A193829F400005F64 /* JJGViewController.m in Sources */ = {isa = PBXBuildFile; fileRef = 25DD2409193829F400005F64 /* JJGViewController.m */; };
		25DD240C193829F400005F64 /* Images.xcassets in Resources */ = {isa = PBXBuildFile; fileRef = 25DD240B193829F400005F64 /* Images.xcassets */; };
		25DD2413193829F400005F64 /* XCTest.framework in Frameworks */ = {isa = PBXBuildFile; fileRef = 25DD2412193829F400005F64 /* XCTest.framework */; };
		25DD2414193829F400005F64 /* Foundation.framework in Frameworks */ = {isa = PBXBuildFile; fileRef = 25DD23F3193829F400005F64 /* Foundation.framework */; };
		25DD2415193829F400005F64 /* UIKit.framework in Frameworks */ = {isa = PBXBuildFile; fileRef = 25DD23F7193829F400005F64 /* UIKit.framework */; };
		25DD241D193829F400005F64 /* InfoPlist.strings in Resources */ = {isa = PBXBuildFile; fileRef = 25DD241B193829F400005F64 /* InfoPlist.strings */; };
		25DD241F193829F400005F64 /* Game_of_LifeTests.m in Sources */ = {isa = PBXBuildFile; fileRef = 25DD241E193829F400005F64 /* Game_of_LifeTests.m */; };
		25DD242A19382DAA00005F64 /* LifeCollectionViewCell.m in Sources */ = {isa = PBXBuildFile; fileRef = 25DD242919382DAA00005F64 /* LifeCollectionViewCell.m */; };
		25DD242C19382FF800005F64 /* Puppy1.jpeg in Resources */ = {isa = PBXBuildFile; fileRef = 25DD242B19382FF800005F64 /* Puppy1.jpeg */; };
/* End PBXBuildFile section */

/* Begin PBXContainerItemProxy section */
		25DD2416193829F400005F64 /* PBXContainerItemProxy */ = {
			isa = PBXContainerItemProxy;
			containerPortal = 25DD23E8193829F400005F64 /* Project object */;
			proxyType = 1;
			remoteGlobalIDString = 25DD23EF193829F400005F64;
			remoteInfo = "Game of Life";
		};
/* End PBXContainerItemProxy section */

/* Begin PBXFileReference section */
		25DD23F0193829F400005F64 /* Game of Life.app */ = {isa = PBXFileReference; explicitFileType = wrapper.application; includeInIndex = 0; path = "Game of Life.app"; sourceTree = BUILT_PRODUCTS_DIR; };
		25DD23F3193829F400005F64 /* Foundation.framework */ = {isa = PBXFileReference; lastKnownFileType = wrapper.framework; name = Foundation.framework; path = System/Library/Frameworks/Foundation.framework; sourceTree = SDKROOT; };
		25DD23F5193829F400005F64 /* CoreGraphics.framework */ = {isa = PBXFileReference; lastKnownFileType = wrapper.framework; name = CoreGraphics.framework; path = System/Library/Frameworks/CoreGraphics.framework; sourceTree = SDKROOT; };
		25DD23F7193829F400005F64 /* UIKit.framework */ = {isa = PBXFileReference; lastKnownFileType = wrapper.framework; name = UIKit.framework; path = System/Library/Frameworks/UIKit.framework; sourceTree = SDKROOT; };
		25DD23FB193829F400005F64 /* Game of Life-Info.plist */ = {isa = PBXFileReference; lastKnownFileType = text.plist.xml; path = "Game of Life-Info.plist"; sourceTree = "<group>"; };
		25DD23FD193829F400005F64 /* en */ = {isa = PBXFileReference; lastKnownFileType = text.plist.strings; name = en; path = en.lproj/InfoPlist.strings; sourceTree = "<group>"; };
		25DD23FF193829F400005F64 /* main.m */ = {isa = PBXFileReference; lastKnownFileType = sourcecode.c.objc; path = main.m; sourceTree = "<group>"; };
		25DD2401193829F400005F64 /* Game of Life-Prefix.pch */ = {isa = PBXFileReference; lastKnownFileType = sourcecode.c.h; path = "Game of Life-Prefix.pch"; sourceTree = "<group>"; };
		25DD2402193829F400005F64 /* JJGAppDelegate.h */ = {isa = PBXFileReference; lastKnownFileType = sourcecode.c.h; path = JJGAppDelegate.h; sourceTree = "<group>"; };
		25DD2403193829F400005F64 /* JJGAppDelegate.m */ = {isa = PBXFileReference; lastKnownFileType = sourcecode.c.objc; path = JJGAppDelegate.m; sourceTree = "<group>"; };
		25DD2406193829F400005F64 /* Base */ = {isa = PBXFileReference; lastKnownFileType = file.storyboard; name = Base; path = Base.lproj/Main.storyboard; sourceTree = "<group>"; };
		25DD2408193829F400005F64 /* JJGViewController.h */ = {isa = PBXFileReference; lastKnownFileType = sourcecode.c.h; path = JJGViewController.h; sourceTree = "<group>"; };
		25DD2409193829F400005F64 /* JJGViewController.m */ = {isa = PBXFileReference; lastKnownFileType = sourcecode.c.objc; path = JJGViewController.m; sourceTree = "<group>"; };
		25DD240B193829F400005F64 /* Images.xcassets */ = {isa = PBXFileReference; lastKnownFileType = folder.assetcatalog; path = Images.xcassets; sourceTree = "<group>"; };
		25DD2411193829F400005F64 /* Game of LifeTests.xctest */ = {isa = PBXFileReference; explicitFileType = wrapper.cfbundle; includeInIndex = 0; path = "Game of LifeTests.xctest"; sourceTree = BUILT_PRODUCTS_DIR; };
		25DD2412193829F400005F64 /* XCTest.framework */ = {isa = PBXFileReference; lastKnownFileType = wrapper.framework; name = XCTest.framework; path = Library/Frameworks/XCTest.framework; sourceTree = DEVELOPER_DIR; };
		25DD241A193829F400005F64 /* Game of LifeTests-Info.plist */ = {isa = PBXFileReference; lastKnownFileType = text.plist.xml; path = "Game of LifeTests-Info.plist"; sourceTree = "<group>"; };
		25DD241C193829F400005F64 /* en */ = {isa = PBXFileReference; lastKnownFileType = text.plist.strings; name = en; path = en.lproj/InfoPlist.strings; sourceTree = "<group>"; };
		25DD241E193829F400005F64 /* Game_of_LifeTests.m */ = {isa = PBXFileReference; lastKnownFileType = sourcecode.c.objc; path = Game_of_LifeTests.m; sourceTree = "<group>"; };
		25DD242819382DAA00005F64 /* LifeCollectionViewCell.h */ = {isa = PBXFileReference; fileEncoding = 4; lastKnownFileType = sourcecode.c.h; path = LifeCollectionViewCell.h; sourceTree = "<group>"; };
		25DD242919382DAA00005F64 /* LifeCollectionViewCell.m */ = {isa = PBXFileReference; fileEncoding = 4; lastKnownFileType = sourcecode.c.objc; path = LifeCollectionViewCell.m; sourceTree = "<group>"; };
		25DD242B19382FF800005F64 /* Puppy1.jpeg */ = {isa = PBXFileReference; lastKnownFileType = image.jpeg; name = Puppy1.jpeg; path = ../../Desktop/Puppy1.jpeg; sourceTree = "<group>"; };
/* End PBXFileReference section */

/* Begin PBXFrameworksBuildPhase section */
		25DD23ED193829F400005F64 /* Frameworks */ = {
			isa = PBXFrameworksBuildPhase;
			buildActionMask = 2147483647;
			files = (
				25DD23F6193829F400005F64 /* CoreGraphics.framework in Frameworks */,
				25DD23F8193829F400005F64 /* UIKit.framework in Frameworks */,
				25DD23F4193829F400005F64 /* Foundation.framework in Frameworks */,
			);
			runOnlyForDeploymentPostprocessing = 0;
		};
		25DD240E193829F400005F64 /* Frameworks */ = {
			isa = PBXFrameworksBuildPhase;
			buildActionMask = 2147483647;
			files = (
				25DD2413193829F400005F64 /* XCTest.framework in Frameworks */,
				25DD2415193829F400005F64 /* UIKit.framework in Frameworks */,
				25DD2414193829F400005F64 /* Foundation.framework in Frameworks */,
			);
			runOnlyForDeploymentPostprocessing = 0;
		};
/* End PBXFrameworksBuildPhase section */

/* Begin PBXGroup section */
		25DD23E7193829F400005F64 = {
			isa = PBXGroup;
			children = (
				25DD23F9193829F400005F64 /* Game of Life */,
				25DD2418193829F400005F64 /* Game of LifeTests */,
				25DD23F2193829F400005F64 /* Frameworks */,
				25DD23F1193829F400005F64 /* Products */,
				25DD242B19382FF800005F64 /* Puppy1.jpeg */,
			);
			sourceTree = "<group>";
		};
		25DD23F1193829F400005F64 /* Products */ = {
			isa = PBXGroup;
			children = (
				25DD23F0193829F400005F64 /* Game of Life.app */,
				25DD2411193829F400005F64 /* Game of LifeTests.xctest */,
			);
			name = Products;
			sourceTree = "<group>";
		};
		25DD23F2193829F400005F64 /* Frameworks */ = {
			isa = PBXGroup;
			children = (
				25DD23F3193829F400005F64 /* Foundation.framework */,
				25DD23F5193829F400005F64 /* CoreGraphics.framework */,
				25DD23F7193829F400005F64 /* UIKit.framework */,
				25DD2412193829F400005F64 /* XCTest.framework */,
			);
			name = Frameworks;
			sourceTree = "<group>";
		};
		25DD23F9193829F400005F64 /* Game of Life */ = {
			isa = PBXGroup;
			children = (
				25DD2402193829F400005F64 /* JJGAppDelegate.h */,
				25DD2403193829F400005F64 /* JJGAppDelegate.m */,
				25DD2405193829F400005F64 /* Main.storyboard */,
				25DD2408193829F400005F64 /* JJGViewController.h */,
				25DD2409193829F400005F64 /* JJGViewController.m */,
				25DD242819382DAA00005F64 /* LifeCollectionViewCell.h */,
				25DD242919382DAA00005F64 /* LifeCollectionViewCell.m */,
				25DD240B193829F400005F64 /* Images.xcassets */,
				25DD23FA193829F400005F64 /* Supporting Files */,
			);
			path = "Game of Life";
			sourceTree = "<group>";
		};
		25DD23FA193829F400005F64 /* Supporting Files */ = {
			isa = PBXGroup;
			children = (
				25DD23FB193829F400005F64 /* Game of Life-Info.plist */,
				25DD23FC193829F400005F64 /* InfoPlist.strings */,
				25DD23FF193829F400005F64 /* main.m */,
				25DD2401193829F400005F64 /* Game of Life-Prefix.pch */,
			);
			name = "Supporting Files";
			sourceTree = "<group>";
		};
		25DD2418193829F400005F64 /* Game of LifeTests */ = {
			isa = PBXGroup;
			children = (
				25DD241E193829F400005F64 /* Game_of_LifeTests.m */,
				25DD2419193829F400005F64 /* Supporting Files */,
			);
			path = "Game of LifeTests";
			sourceTree = "<group>";
		};
		25DD2419193829F400005F64 /* Supporting Files */ = {
			isa = PBXGroup;
			children = (
				25DD241A193829F400005F64 /* Game of LifeTests-Info.plist */,
				25DD241B193829F400005F64 /* InfoPlist.strings */,
			);
			name = "Supporting Files";
			sourceTree = "<group>";
		};
/* End PBXGroup section */

/* Begin PBXNativeTarget section */
		25DD23EF193829F400005F64 /* Game of Life */ = {
			isa = PBXNativeTarget;
			buildConfigurationList = 25DD2422193829F400005F64 /* Build configuration list for PBXNativeTarget "Game of Life" */;
			buildPhases = (
				25DD23EC193829F400005F64 /* Sources */,
				25DD23ED193829F400005F64 /* Frameworks */,
				25DD23EE193829F400005F64 /* Resources */,
			);
			buildRules = (
			);
			dependencies = (
			);
			name = "Game of Life";
			productName = "Game of Life";
			productReference = 25DD23F0193829F400005F64 /* Game of Life.app */;
			productType = "com.apple.product-type.application";
		};
		25DD2410193829F400005F64 /* Game of LifeTests */ = {
			isa = PBXNativeTarget;
			buildConfigurationList = 25DD2425193829F400005F64 /* Build configuration list for PBXNativeTarget "Game of LifeTests" */;
			buildPhases = (
				25DD240D193829F400005F64 /* Sources */,
				25DD240E193829F400005F64 /* Frameworks */,
				25DD240F193829F400005F64 /* Resources */,
			);
			buildRules = (
			);
			dependencies = (
				25DD2417193829F400005F64 /* PBXTargetDependency */,
			);
			name = "Game of LifeTests";
			productName = "Game of LifeTests";
			productReference = 25DD2411193829F400005F64 /* Game of LifeTests.xctest */;
			productType = "com.apple.product-type.bundle.unit-test";
		};
/* End PBXNativeTarget section */

/* Begin PBXProject section */
		25DD23E8193829F400005F64 /* Project object */ = {
			isa = PBXProject;
			attributes = {
				CLASSPREFIX = JJG;
				LastUpgradeCheck = 0510;
				ORGANIZATIONNAME = "Jeff Gayle";
				TargetAttributes = {
					25DD2410193829F400005F64 = {
						TestTargetID = 25DD23EF193829F400005F64;
					};
				};
			};
			buildConfigurationList = 25DD23EB193829F400005F64 /* Build configuration list for PBXProject "Game of Life" */;
			compatibilityVersion = "Xcode 3.2";
			developmentRegion = English;
			hasScannedForEncodings = 0;
			knownRegions = (
				en,
				Base,
			);
			mainGroup = 25DD23E7193829F400005F64;
			productRefGroup = 25DD23F1193829F400005F64 /* Products */;
			projectDirPath = "";
			projectRoot = "";
			targets = (
				25DD23EF193829F400005F64 /* Game of Life */,
				25DD2410193829F400005F64 /* Game of LifeTests */,
			);
		};
/* End PBXProject section */

/* Begin PBXResourcesBuildPhase section */
		25DD23EE193829F400005F64 /* Resources */ = {
			isa = PBXResourcesBuildPhase;
			buildActionMask = 2147483647;
			files = (
				25DD240C193829F400005F64 /* Images.xcassets in Resources */,
				25DD23FE193829F400005F64 /* InfoPlist.strings in Resources */,
				25DD242C19382FF800005F64 /* Puppy1.jpeg in Resources */,
				25DD2407193829F400005F64 /* Main.storyboard in Resources */,
			);
			runOnlyForDeploymentPostprocessing = 0;
		};
		25DD240F193829F400005F64 /* Resources */ = {
			isa = PBXResourcesBuildPhase;
			buildActionMask = 2147483647;
			files = (
				25DD241D193829F400005F64 /* InfoPlist.strings in Resources */,
			);
			runOnlyForDeploymentPostprocessing = 0;
		};
/* End PBXResourcesBuildPhase section */

/* Begin PBXSourcesBuildPhase section */
		25DD23EC193829F400005F64 /* Sources */ = {
			isa = PBXSourcesBuildPhase;
			buildActionMask = 2147483647;
			files = (
				25DD2404193829F400005F64 /* JJGAppDelegate.m in Sources */,
				25DD2400193829F400005F64 /* main.m in Sources */,
				25DD242A19382DAA00005F64 /* LifeCollectionViewCell.m in Sources */,
				25DD240A193829F400005F64 /* JJGViewController.m in Sources */,
			);
			runOnlyForDeploymentPostprocessing = 0;
		};
		25DD240D193829F400005F64 /* Sources */ = {
			isa = PBXSourcesBuildPhase;
			buildActionMask = 2147483647;
			files = (
				25DD241F193829F400005F64 /* Game_of_LifeTests.m in Sources */,
			);
			runOnlyForDeploymentPostprocessing = 0;
		};
/* End PBXSourcesBuildPhase section */

/* Begin PBXTargetDependency section */
		25DD2417193829F400005F64 /* PBXTargetDependency */ = {
			isa = PBXTargetDependency;
			target = 25DD23EF193829F400005F64 /* Game of Life */;
			targetProxy = 25DD2416193829F400005F64 /* PBXContainerItemProxy */;
		};
/* End PBXTargetDependency section */

/* Begin PBXVariantGroup section */
		25DD23FC193829F400005F64 /* InfoPlist.strings */ = {
			isa = PBXVariantGroup;
			children = (
				25DD23FD193829F400005F64 /* en */,
			);
			name = InfoPlist.strings;
			sourceTree = "<group>";
		};
		25DD2405193829F400005F64 /* Main.storyboard */ = {
			isa = PBXVariantGroup;
			children = (
				25DD2406193829F400005F64 /* Base */,
			);
			name = Main.storyboard;
			sourceTree = "<group>";
		};
		25DD241B193829F400005F64 /* InfoPlist.strings */ = {
			isa = PBXVariantGroup;
			children = (
				25DD241C193829F400005F64 /* en */,
			);
			name = InfoPlist.strings;
			sourceTree = "<group>";
		};
/* End PBXVariantGroup section */

/* Begin XCBuildConfiguration section */
		25DD2420193829F400005F64 /* Debug */ = {
			isa = XCBuildConfiguration;
			buildSettings = {
				ALWAYS_SEARCH_USER_PATHS = NO;
				CLANG_CXX_LANGUAGE_STANDARD = "gnu++0x";
				CLANG_CXX_LIBRARY = "libc++";
				CLANG_ENABLE_MODULES = YES;
				CLANG_ENABLE_OBJC_ARC = YES;
				CLANG_WARN_BOOL_CONVERSION = YES;
				CLANG_WARN_CONSTANT_CONVERSION = YES;
				CLANG_WARN_DIRECT_OBJC_ISA_USAGE = YES_ERROR;
				CLANG_WARN_EMPTY_BODY = YES;
				CLANG_WARN_ENUM_CONVERSION = YES;
				CLANG_WARN_INT_CONVERSION = YES;
				CLANG_WARN_OBJC_ROOT_CLASS = YES_ERROR;
				CLANG_WARN__DUPLICATE_METHOD_MATCH = YES;
				"CODE_SIGN_IDENTITY[sdk=iphoneos*]" = "iPhone Developer";
				COPY_PHASE_STRIP = NO;
				GCC_C_LANGUAGE_STANDARD = gnu99;
				GCC_DYNAMIC_NO_PIC = NO;
				GCC_OPTIMIZATION_LEVEL = 0;
				GCC_PREPROCESSOR_DEFINITIONS = (
					"DEBUG=1",
					"$(inherited)",
				);
				GCC_SYMBOLS_PRIVATE_EXTERN = NO;
				GCC_WARN_64_TO_32_BIT_CONVERSION = YES;
				GCC_WARN_ABOUT_RETURN_TYPE = YES_ERROR;
				GCC_WARN_UNDECLARED_SELECTOR = YES;
				GCC_WARN_UNINITIALIZED_AUTOS = YES_AGGRESSIVE;
				GCC_WARN_UNUSED_FUNCTION = YES;
				GCC_WARN_UNUSED_VARIABLE = YES;
				IPHONEOS_DEPLOYMENT_TARGET = 7.1;
				ONLY_ACTIVE_ARCH = YES;
				SDKROOT = iphoneos;
			};
			name = Debug;
		};
		25DD2421193829F400005F64 /* Release */ = {
			isa = XCBuildConfiguration;
			buildSettings = {
				ALWAYS_SEARCH_USER_PATHS = NO;
				CLANG_CXX_LANGUAGE_STANDARD = "gnu++0x";
				CLANG_CXX_LIBRARY = "libc++";
				CLANG_ENABLE_MODULES = YES;
				CLANG_ENABLE_OBJC_ARC = YES;
				CLANG_WARN_BOOL_CONVERSION = YES;
				CLANG_WARN_CONSTANT_CONVERSION = YES;
				CLANG_WARN_DIRECT_OBJC_ISA_USAGE = YES_ERROR;
				CLANG_WARN_EMPTY_BODY = YES;
				CLANG_WARN_ENUM_CONVERSION = YES;
				CLANG_WARN_INT_CONVERSION = YES;
				CLANG_WARN_OBJC_ROOT_CLASS = YES_ERROR;
				CLANG_WARN__DUPLICATE_METHOD_MATCH = YES;
				"CODE_SIGN_IDENTITY[sdk=iphoneos*]" = "iPhone Developer";
				COPY_PHASE_STRIP = YES;
				ENABLE_NS_ASSERTIONS = NO;
				GCC_C_LANGUAGE_STANDARD = gnu99;
				GCC_WARN_64_TO_32_BIT_CONVERSION = YES;
				GCC_WARN_ABOUT_RETURN_TYPE = YES_ERROR;
				GCC_WARN_UNDECLARED_SELECTOR = YES;
				GCC_WARN_UNINITIALIZED_AUTOS = YES_AGGRESSIVE;
				GCC_WARN_UNUSED_FUNCTION = YES;
				GCC_WARN_UNUSED_VARIABLE = YES;
				IPHONEOS_DEPLOYMENT_TARGET = 7.1;
				SDKROOT = iphoneos;
				VALIDATE_PRODUCT = YES;
			};
			name = Release;
		};
		25DD2423193829F400005F64 /* Debug */ = {
			isa = XCBuildConfiguration;
			buildSettings = {
				ASSETCATALOG_COMPILER_APPICON_NAME = AppIcon;
				ASSETCATALOG_COMPILER_LAUNCHIMAGE_NAME = LaunchImage;
				GCC_PRECOMPILE_PREFIX_HEADER = YES;
				GCC_PREFIX_HEADER = "Game of Life/Game of Life-Prefix.pch";
				INFOPLIST_FILE = "Game of Life/Game of Life-Info.plist";
				PRODUCT_NAME = "$(TARGET_NAME)";
				WRAPPER_EXTENSION = app;
			};
			name = Debug;
		};
		25DD2424193829F400005F64 /* Release */ = {
			isa = XCBuildConfiguration;
			buildSettings = {
				ASSETCATALOG_COMPILER_APPICON_NAME = AppIcon;
				ASSETCATALOG_COMPILER_LAUNCHIMAGE_NAME = LaunchImage;
				GCC_PRECOMPILE_PREFIX_HEADER = YES;
				GCC_PREFIX_HEADER = "Game of Life/Game of Life-Prefix.pch";
				INFOPLIST_FILE = "Game of Life/Game of Life-Info.plist";
				PRODUCT_NAME = "$(TARGET_NAME)";
				WRAPPER_EXTENSION = app;
			};
			name = Release;
		};
		25DD2426193829F400005F64 /* Debug */ = {
			isa = XCBuildConfiguration;
			buildSettings = {
				BUNDLE_LOADER = "$(BUILT_PRODUCTS_DIR)/Game of Life.app/Game of Life";
				FRAMEWORK_SEARCH_PATHS = (
					"$(SDKROOT)/Developer/Library/Frameworks",
					"$(inherited)",
					"$(DEVELOPER_FRAMEWORKS_DIR)",
				);
				GCC_PRECOMPILE_PREFIX_HEADER = YES;
				GCC_PREFIX_HEADER = "Game of Life/Game of Life-Prefix.pch";
				GCC_PREPROCESSOR_DEFINITIONS = (
					"DEBUG=1",
					"$(inherited)",
				);
				INFOPLIST_FILE = "Game of LifeTests/Game of LifeTests-Info.plist";
				PRODUCT_NAME = "$(TARGET_NAME)";
				TEST_HOST = "$(BUNDLE_LOADER)";
				WRAPPER_EXTENSION = xctest;
			};
			name = Debug;
		};
		25DD2427193829F400005F64 /* Release */ = {
			isa = XCBuildConfiguration;
			buildSettings = {
				BUNDLE_LOADER = "$(BUILT_PRODUCTS_DIR)/Game of Life.app/Game of Life";
				FRAMEWORK_SEARCH_PATHS = (
					"$(SDKROOT)/Developer/Library/Frameworks",
					"$(inherited)",
					"$(DEVELOPER_FRAMEWORKS_DIR)",
				);
				GCC_PRECOMPILE_PREFIX_HEADER = YES;
				GCC_PREFIX_HEADER = "Game of Life/Game of Life-Prefix.pch";
				INFOPLIST_FILE = "Game of LifeTests/Game of LifeTests-Info.plist";
				PRODUCT_NAME = "$(TARGET_NAME)";
				TEST_HOST = "$(BUNDLE_LOADER)";
				WRAPPER_EXTENSION = xctest;
			};
			name = Release;
		};
/* End XCBuildConfiguration section */

/* Begin XCConfigurationList section */
		25DD23EB193829F400005F64 /* Build configuration list for PBXProject "Game of Life" */ = {
			isa = XCConfigurationList;
			buildConfigurations = (
				25DD2420193829F400005F64 /* Debug */,
				25DD2421193829F400005F64 /* Release */,
			);
			defaultConfigurationIsVisible = 0;
			defaultConfigurationName = Release;
		};
		25DD2422193829F400005F64 /* Build configuration list for PBXNativeTarget "Game of Life" */ = {
			isa = XCConfigurationList;
			buildConfigurations = (
				25DD2423193829F400005F64 /* Debug */,
				25DD2424193829F400005F64 /* Release */,
			);
			defaultConfigurationIsVisible = 0;
		};
		25DD2425193829F400005F64 /* Build configuration list for PBXNativeTarget "Game of LifeTests" */ = {
			isa = XCConfigurationList;
			buildConfigurations = (
				25DD2426193829F400005F64 /* Debug */,
				25DD2427193829F400005F64 /* Release */,
			);
			defaultConfigurationIsVisible = 0;
		};
/* End XCConfigurationList section */
	};
	rootObject = 25DD23E8193829F400005F64 /* Project object */;
}
